
Microsoft Visual Studio Solution File, Format Version 12.00
Project("{FAE04EC0-301F-11D3-BF4B-00C04F79EFBC}") = "AWSSamples.Jsii.Native", "AWSSamples.Jsii.Native.csproj", "{48BB343A-520D-466C-B6EF-D118A0E763CB}"
EndProject
Global
	GlobalSection(SolutionConfigurationPlatforms) = preSolution
		Debug|Any CPU = Debug|Any CPU
		Release|Any CPU = Release|Any CPU
	EndGlobalSection
	GlobalSection(ProjectConfigurationPlatforms) = postSolution
		{48BB343A-520D-466C-B6EF-D118A0E763CB}.Debug|Any CPU.ActiveCfg = Debug|Any CPU
		{48BB343A-520D-466C-B6EF-D118A0E763CB}.Debug|Any CPU.Build.0 = Debug|Any CPU
		{48BB343A-520D-466C-B6EF-D118A0E763CB}.Release|Any CPU.ActiveCfg = Release|Any CPU
		{48BB343A-520D-466C-B6EF-D118A0E763CB}.Release|Any CPU.Build.0 = Release|Any CPU
	EndGlobalSection
EndGlobal
